{
  "name": "lib",
  "lockfileVersion": 2,
  "requires": true,
  "packages": {
    "": {
      "dependencies": {
        "@jsplumb/browser-ui": "^6.2.10"
      }
    },
    "node_modules/@jsplumb/browser-ui": {
      "version": "6.2.10",
      "resolved": "https://registry.npmjs.org/@jsplumb/browser-ui/-/browser-ui-6.2.10.tgz",
      "integrity": "sha512-trk++mK5q6hceJL79teemzcilJ+8DrZT/lMK0+B80AtHqZHr0YwMCf+so2JBb2Z/MDZ0fUEU9MbELY6OPhhs5g=="
    }
  },
  "dependencies": {
    "@jsplumb/browser-ui": {
      "version": "6.2.10",
      "resolved": "https://registry.npmjs.org/@jsplumb/browser-ui/-/browser-ui-6.2.10.tgz",
      "integrity": "sha512-trk++mK5q6hceJL79teemzcilJ+8DrZT/lMK0+B80AtHqZHr0YwMCf+so2JBb2Z/MDZ0fUEU9MbELY6OPhhs5g=="
    }
  }
}
